
Microsoft Visual Studio Solution File, Format Version 12.00
# Visual Studio 15
VisualStudioVersion = 15.0.27703.2018
MinimumVisualStudioVersion = 10.0.40219.1
Project("{FAE04EC0-301F-11D3-BF4B-00C04F79EFBC}") = "Test_UIAutomation", "Test_UIAutomation\Test_UIAutomation.csproj", "{27739F76-A9B7-4025-A9E8-E1F0F9016963}"
EndProject
Project("{FAE04EC0-301F-11D3-BF4B-00C04F79EFBC}") = "Controller", "Controller\Controller.csproj", "{BE0643D4-2D79-4270-9339-9FD986719CF4}"
EndProject
Global
	GlobalSection(SolutionConfigurationPlatforms) = preSolution
		Debug|Any CPU = Debug|Any CPU
		Release|Any CPU = Release|Any CPU
	EndGlobalSection
	GlobalSection(ProjectConfigurationPlatforms) = postSolution
		{27739F76-A9B7-4025-A9E8-E1F0F9016963}.Debug|Any CPU.ActiveCfg = Debug|Any CPU
		{27739F76-A9B7-4025-A9E8-E1F0F9016963}.Debug|Any CPU.Build.0 = Debug|Any CPU
		{27739F76-A9B7-4025-A9E8-E1F0F9016963}.Release|Any CPU.ActiveCfg = Release|Any CPU
		{27739F76-A9B7-4025-A9E8-E1F0F9016963}.Release|Any CPU.Build.0 = Release|Any CPU
		{BE0643D4-2D79-4270-9339-9FD986719CF4}.Debug|Any CPU.ActiveCfg = Debug|Any CPU
		{BE0643D4-2D79-4270-9339-9FD986719CF4}.Debug|Any CPU.Build.0 = Debug|Any CPU
		{BE0643D4-2D79-4270-9339-9FD986719CF4}.Release|Any CPU.ActiveCfg = Release|Any CPU
		{BE0643D4-2D79-4270-9339-9FD986719CF4}.Release|Any CPU.Build.0 = Release|Any CPU
	EndGlobalSection
	GlobalSection(SolutionProperties) = preSolution
		HideSolutionNode = FALSE
	EndGlobalSection
	GlobalSection(ExtensibilityGlobals) = postSolution
		SolutionGuid = {18BED4C2-DA45-4146-AB49-9231B3DB462F}
	EndGlobalSection
EndGlobal
